
Microsoft Visual Studio Solution File, Format Version 12.00
# Visual Studio 15
VisualStudioVersion = 15.0.27004.2002
MinimumVisualStudioVersion = 10.0.40219.1
Project("{9A19103F-16F7-4668-BE54-9A1E7A4F7556}") = "Voidwell.DaybreakGames", "src\Voidwell.DaybreakGames\Voidwell.DaybreakGames.csproj", "{70DEC05A-24A9-474B-A954-6504AE2CD74C}"
EndProject
Project("{2150E333-8FDC-42A3-9474-1A3956D46DE8}") = "src", "src", "{E07D5578-2777-4F00-B6F9-C2DEC74C1138}"
EndProject
Project("{2150E333-8FDC-42A3-9474-1A3956D46DE8}") = "Solution Items", "Solution Items", "{E1267F52-358F-4DE7-9098-0C44BB71CBA6}"
	ProjectSection(SolutionItems) = preProject
		.gitattributes = .gitattributes
		.gitignore = .gitignore
		Directory.Build.props = Directory.Build.props
		Dockerfile = Dockerfile
		Dockerfile.debug = Dockerfile.debug
		init-migrate.bat = init-migrate.bat
		init-update.bat = init-update.bat
	EndProjectSection
EndProject
Project("{9A19103F-16F7-4668-BE54-9A1E7A4F7556}") = "Voidwell.DaybreakGames.Census", "src\Voidwell.DaybreakGames.Census\Voidwell.DaybreakGames.Census.csproj", "{BF5870AC-AD8C-4DE8-800B-2C270DABA807}"
EndProject
Project("{2150E333-8FDC-42A3-9474-1A3956D46DE8}") = "test", "test", "{B237F769-5DAF-4CC0-A3D9-EBFAD7A0D1FB}"
EndProject
Project("{9A19103F-16F7-4668-BE54-9A1E7A4F7556}") = "Voidwell.DaybreakGames.Census.Test", "test\Voidwell.DaybreakGames.Census.Test\Voidwell.DaybreakGames.Census.Test.csproj", "{7B9F9A62-FEE3-451B-A39F-F2DB4A332DC7}"
EndProject
Project("{9A19103F-16F7-4668-BE54-9A1E7A4F7556}") = "Voidwell.DaybreakGames.Data", "src\Voidwell.DaybreakGames.Data\Voidwell.DaybreakGames.Data.csproj", "{D982D254-B957-4EA4-A076-A27DFAFB4781}"
EndProject
Project("{9A19103F-16F7-4668-BE54-9A1E7A4F7556}") = "Voidwell.Cache", "src\Voidwell.Cache\Voidwell.Cache.csproj", "{20214CD9-BDBB-49B5-B38D-DDA29D9729B3}"
EndProject
Global
	GlobalSection(SolutionConfigurationPlatforms) = preSolution
		Debug|Any CPU = Debug|Any CPU
		Release|Any CPU = Release|Any CPU
	EndGlobalSection
	GlobalSection(ProjectConfigurationPlatforms) = postSolution
		{70DEC05A-24A9-474B-A954-6504AE2CD74C}.Debug|Any CPU.ActiveCfg = Debug|Any CPU
		{70DEC05A-24A9-474B-A954-6504AE2CD74C}.Debug|Any CPU.Build.0 = Debug|Any CPU
		{70DEC05A-24A9-474B-A954-6504AE2CD74C}.Release|Any CPU.ActiveCfg = Release|Any CPU
		{70DEC05A-24A9-474B-A954-6504AE2CD74C}.Release|Any CPU.Build.0 = Release|Any CPU
		{BF5870AC-AD8C-4DE8-800B-2C270DABA807}.Debug|Any CPU.ActiveCfg = Debug|Any CPU
		{BF5870AC-AD8C-4DE8-800B-2C270DABA807}.Debug|Any CPU.Build.0 = Debug|Any CPU
		{BF5870AC-AD8C-4DE8-800B-2C270DABA807}.Release|Any CPU.ActiveCfg = Release|Any CPU
		{BF5870AC-AD8C-4DE8-800B-2C270DABA807}.Release|Any CPU.Build.0 = Release|Any CPU
		{7B9F9A62-FEE3-451B-A39F-F2DB4A332DC7}.Debug|Any CPU.ActiveCfg = Debug|Any CPU
		{7B9F9A62-FEE3-451B-A39F-F2DB4A332DC7}.Debug|Any CPU.Build.0 = Debug|Any CPU
		{7B9F9A62-FEE3-451B-A39F-F2DB4A332DC7}.Release|Any CPU.ActiveCfg = Release|Any CPU
		{7B9F9A62-FEE3-451B-A39F-F2DB4A332DC7}.Release|Any CPU.Build.0 = Release|Any CPU
		{D982D254-B957-4EA4-A076-A27DFAFB4781}.Debug|Any CPU.ActiveCfg = Debug|Any CPU
		{D982D254-B957-4EA4-A076-A27DFAFB4781}.Debug|Any CPU.Build.0 = Debug|Any CPU
		{D982D254-B957-4EA4-A076-A27DFAFB4781}.Release|Any CPU.ActiveCfg = Release|Any CPU
		{D982D254-B957-4EA4-A076-A27DFAFB4781}.Release|Any CPU.Build.0 = Release|Any CPU
		{20214CD9-BDBB-49B5-B38D-DDA29D9729B3}.Debug|Any CPU.ActiveCfg = Debug|Any CPU
		{20214CD9-BDBB-49B5-B38D-DDA29D9729B3}.Debug|Any CPU.Build.0 = Debug|Any CPU
		{20214CD9-BDBB-49B5-B38D-DDA29D9729B3}.Release|Any CPU.ActiveCfg = Release|Any CPU
		{20214CD9-BDBB-49B5-B38D-DDA29D9729B3}.Release|Any CPU.Build.0 = Release|Any CPU
	EndGlobalSection
	GlobalSection(SolutionProperties) = preSolution
		HideSolutionNode = FALSE
	EndGlobalSection
	GlobalSection(NestedProjects) = preSolution
		{70DEC05A-24A9-474B-A954-6504AE2CD74C} = {E07D5578-2777-4F00-B6F9-C2DEC74C1138}
		{BF5870AC-AD8C-4DE8-800B-2C270DABA807} = {E07D5578-2777-4F00-B6F9-C2DEC74C1138}
		{7B9F9A62-FEE3-451B-A39F-F2DB4A332DC7} = {B237F769-5DAF-4CC0-A3D9-EBFAD7A0D1FB}
		{D982D254-B957-4EA4-A076-A27DFAFB4781} = {E07D5578-2777-4F00-B6F9-C2DEC74C1138}
		{20214CD9-BDBB-49B5-B38D-DDA29D9729B3} = {E07D5578-2777-4F00-B6F9-C2DEC74C1138}
	EndGlobalSection
	GlobalSection(ExtensibilityGlobals) = postSolution
		SolutionGuid = {1011AD1D-2AC5-4BC2-A299-5778409158D2}
	EndGlobalSection
EndGlobal
