
Microsoft Visual Studio Solution File, Format Version 12.00
# Visual Studio Version 16
VisualStudioVersion = 16.0.29728.190
MinimumVisualStudioVersion = 10.0.40219.1
Project("{9A19103F-16F7-4668-BE54-9A1E7A4F7556}") = "Voidwell.DaybreakGames.App", "src\Voidwell.DaybreakGames.App\Voidwell.DaybreakGames.App.csproj", "{70DEC05A-24A9-474B-A954-6504AE2CD74C}"
EndProject
Project("{2150E333-8FDC-42A3-9474-1A3956D46DE8}") = "src", "src", "{E07D5578-2777-4F00-B6F9-C2DEC74C1138}"
EndProject
Project("{2150E333-8FDC-42A3-9474-1A3956D46DE8}") = "Solution Items", "Solution Items", "{E1267F52-358F-4DE7-9098-0C44BB71CBA6}"
	ProjectSection(SolutionItems) = preProject
		.dockerignore = .dockerignore
		.gitattributes = .gitattributes
		.gitignore = .gitignore
		Dockerfile = Dockerfile
		Dockerfile.debug = Dockerfile.debug
		init-migrate.bat = init-migrate.bat
		init-update.bat = init-update.bat
		Jenkinsfile = Jenkinsfile
	EndProjectSection
EndProject
Project("{2150E333-8FDC-42A3-9474-1A3956D46DE8}") = "test", "test", "{B237F769-5DAF-4CC0-A3D9-EBFAD7A0D1FB}"
EndProject
Project("{9A19103F-16F7-4668-BE54-9A1E7A4F7556}") = "Voidwell.DaybreakGames.Data", "src\Voidwell.DaybreakGames.Data\Voidwell.DaybreakGames.Data.csproj", "{D982D254-B957-4EA4-A076-A27DFAFB4781}"
EndProject
Project("{9A19103F-16F7-4668-BE54-9A1E7A4F7556}") = "Voidwell.Cache", "src\Voidwell.Cache\Voidwell.Cache.csproj", "{20214CD9-BDBB-49B5-B38D-DDA29D9729B3}"
EndProject
Project("{9A19103F-16F7-4668-BE54-9A1E7A4F7556}") = "Voidwell.DaybreakGames.Test", "test\Voidwell.DaybreakGames.Test\Voidwell.DaybreakGames.Test.csproj", "{4A56391B-419B-4ECA-B1C4-794787F7E0D4}"
EndProject
Project("{9A19103F-16F7-4668-BE54-9A1E7A4F7556}") = "Voidwell.DaybreakGames.Api", "src\Voidwell.DaybreakGames.Api\Voidwell.DaybreakGames.Api.csproj", "{7A123B6E-5756-4CB4-B140-FE724A977395}"
	ProjectSection(ProjectDependencies) = postProject
		{70DEC05A-24A9-474B-A954-6504AE2CD74C} = {70DEC05A-24A9-474B-A954-6504AE2CD74C}
	EndProjectSection
EndProject
Project("{FAE04EC0-301F-11D3-BF4B-00C04F79EFBC}") = "Voidwell.DaybreakGames.CensusServices", "src\Voidwell.DaybreakGames.CensusServices\Voidwell.DaybreakGames.CensusServices.csproj", "{F6E9813D-E90D-4903-82F3-EA8817E6C52C}"
EndProject
Project("{FAE04EC0-301F-11D3-BF4B-00C04F79EFBC}") = "Voidwell.DaybreakGames.GameState", "src\Voidwell.DaybreakGames.GameState\Voidwell.DaybreakGames.GameState.csproj", "{1BCBF354-4F5F-46F4-B406-E02A6BCC57D1}"
EndProject
Project("{FAE04EC0-301F-11D3-BF4B-00C04F79EFBC}") = "Voidwell.DaybreakGames.Services", "src\Voidwell.DaybreakGames.Services\Voidwell.DaybreakGames.Services.csproj", "{DEC920ED-99D7-4A56-B348-25CFBA5A89E4}"
EndProject
Project("{FAE04EC0-301F-11D3-BF4B-00C04F79EFBC}") = "Voidwell.DaybreakGames.CensusStream", "src\Voidwell.DaybreakGames.CensusStream\Voidwell.DaybreakGames.CensusStream.csproj", "{5EF002C5-0AD2-4D1D-8D9C-7B1DC7BF155E}"
EndProject
Project("{FAE04EC0-301F-11D3-BF4B-00C04F79EFBC}") = "Voidwell.DaybreakGames.Models", "src\Voidwell.DaybreakGames.Models\Voidwell.DaybreakGames.Models.csproj", "{996F91F8-3F80-425D-9820-DD8A13FFEC06}"
EndProject
Project("{FAE04EC0-301F-11D3-BF4B-00C04F79EFBC}") = "Voidwell.DaybreakGames.Utils", "src\Voidwell.DaybreakGames.Utils\Voidwell.DaybreakGames.Utils.csproj", "{052A2BE1-FF8F-4E38-AC0C-F0266E657D75}"
EndProject
Global
	GlobalSection(SolutionConfigurationPlatforms) = preSolution
		Debug|Any CPU = Debug|Any CPU
		Release|Any CPU = Release|Any CPU
	EndGlobalSection
	GlobalSection(ProjectConfigurationPlatforms) = postSolution
		{70DEC05A-24A9-474B-A954-6504AE2CD74C}.Debug|Any CPU.ActiveCfg = Debug|Any CPU
		{70DEC05A-24A9-474B-A954-6504AE2CD74C}.Debug|Any CPU.Build.0 = Debug|Any CPU
		{70DEC05A-24A9-474B-A954-6504AE2CD74C}.Release|Any CPU.ActiveCfg = Release|Any CPU
		{70DEC05A-24A9-474B-A954-6504AE2CD74C}.Release|Any CPU.Build.0 = Release|Any CPU
		{D982D254-B957-4EA4-A076-A27DFAFB4781}.Debug|Any CPU.ActiveCfg = Debug|Any CPU
		{D982D254-B957-4EA4-A076-A27DFAFB4781}.Debug|Any CPU.Build.0 = Debug|Any CPU
		{D982D254-B957-4EA4-A076-A27DFAFB4781}.Release|Any CPU.ActiveCfg = Release|Any CPU
		{D982D254-B957-4EA4-A076-A27DFAFB4781}.Release|Any CPU.Build.0 = Release|Any CPU
		{20214CD9-BDBB-49B5-B38D-DDA29D9729B3}.Debug|Any CPU.ActiveCfg = Debug|Any CPU
		{20214CD9-BDBB-49B5-B38D-DDA29D9729B3}.Debug|Any CPU.Build.0 = Debug|Any CPU
		{20214CD9-BDBB-49B5-B38D-DDA29D9729B3}.Release|Any CPU.ActiveCfg = Release|Any CPU
		{20214CD9-BDBB-49B5-B38D-DDA29D9729B3}.Release|Any CPU.Build.0 = Release|Any CPU
		{4A56391B-419B-4ECA-B1C4-794787F7E0D4}.Debug|Any CPU.ActiveCfg = Debug|Any CPU
		{4A56391B-419B-4ECA-B1C4-794787F7E0D4}.Debug|Any CPU.Build.0 = Debug|Any CPU
		{4A56391B-419B-4ECA-B1C4-794787F7E0D4}.Release|Any CPU.ActiveCfg = Release|Any CPU
		{4A56391B-419B-4ECA-B1C4-794787F7E0D4}.Release|Any CPU.Build.0 = Release|Any CPU
		{7A123B6E-5756-4CB4-B140-FE724A977395}.Debug|Any CPU.ActiveCfg = Debug|Any CPU
		{7A123B6E-5756-4CB4-B140-FE724A977395}.Debug|Any CPU.Build.0 = Debug|Any CPU
		{7A123B6E-5756-4CB4-B140-FE724A977395}.Release|Any CPU.ActiveCfg = Release|Any CPU
		{7A123B6E-5756-4CB4-B140-FE724A977395}.Release|Any CPU.Build.0 = Release|Any CPU
		{F6E9813D-E90D-4903-82F3-EA8817E6C52C}.Debug|Any CPU.ActiveCfg = Debug|Any CPU
		{F6E9813D-E90D-4903-82F3-EA8817E6C52C}.Debug|Any CPU.Build.0 = Debug|Any CPU
		{F6E9813D-E90D-4903-82F3-EA8817E6C52C}.Release|Any CPU.ActiveCfg = Release|Any CPU
		{F6E9813D-E90D-4903-82F3-EA8817E6C52C}.Release|Any CPU.Build.0 = Release|Any CPU
		{1BCBF354-4F5F-46F4-B406-E02A6BCC57D1}.Debug|Any CPU.ActiveCfg = Debug|Any CPU
		{1BCBF354-4F5F-46F4-B406-E02A6BCC57D1}.Debug|Any CPU.Build.0 = Debug|Any CPU
		{1BCBF354-4F5F-46F4-B406-E02A6BCC57D1}.Release|Any CPU.ActiveCfg = Release|Any CPU
		{1BCBF354-4F5F-46F4-B406-E02A6BCC57D1}.Release|Any CPU.Build.0 = Release|Any CPU
		{DEC920ED-99D7-4A56-B348-25CFBA5A89E4}.Debug|Any CPU.ActiveCfg = Debug|Any CPU
		{DEC920ED-99D7-4A56-B348-25CFBA5A89E4}.Debug|Any CPU.Build.0 = Debug|Any CPU
		{DEC920ED-99D7-4A56-B348-25CFBA5A89E4}.Release|Any CPU.ActiveCfg = Release|Any CPU
		{DEC920ED-99D7-4A56-B348-25CFBA5A89E4}.Release|Any CPU.Build.0 = Release|Any CPU
		{5EF002C5-0AD2-4D1D-8D9C-7B1DC7BF155E}.Debug|Any CPU.ActiveCfg = Debug|Any CPU
		{5EF002C5-0AD2-4D1D-8D9C-7B1DC7BF155E}.Debug|Any CPU.Build.0 = Debug|Any CPU
		{5EF002C5-0AD2-4D1D-8D9C-7B1DC7BF155E}.Release|Any CPU.ActiveCfg = Release|Any CPU
		{5EF002C5-0AD2-4D1D-8D9C-7B1DC7BF155E}.Release|Any CPU.Build.0 = Release|Any CPU
		{996F91F8-3F80-425D-9820-DD8A13FFEC06}.Debug|Any CPU.ActiveCfg = Debug|Any CPU
		{996F91F8-3F80-425D-9820-DD8A13FFEC06}.Debug|Any CPU.Build.0 = Debug|Any CPU
		{996F91F8-3F80-425D-9820-DD8A13FFEC06}.Release|Any CPU.ActiveCfg = Release|Any CPU
		{996F91F8-3F80-425D-9820-DD8A13FFEC06}.Release|Any CPU.Build.0 = Release|Any CPU
		{052A2BE1-FF8F-4E38-AC0C-F0266E657D75}.Debug|Any CPU.ActiveCfg = Debug|Any CPU
		{052A2BE1-FF8F-4E38-AC0C-F0266E657D75}.Debug|Any CPU.Build.0 = Debug|Any CPU
		{052A2BE1-FF8F-4E38-AC0C-F0266E657D75}.Release|Any CPU.ActiveCfg = Release|Any CPU
		{052A2BE1-FF8F-4E38-AC0C-F0266E657D75}.Release|Any CPU.Build.0 = Release|Any CPU
	EndGlobalSection
	GlobalSection(SolutionProperties) = preSolution
		HideSolutionNode = FALSE
	EndGlobalSection
	GlobalSection(NestedProjects) = preSolution
		{70DEC05A-24A9-474B-A954-6504AE2CD74C} = {E07D5578-2777-4F00-B6F9-C2DEC74C1138}
		{D982D254-B957-4EA4-A076-A27DFAFB4781} = {E07D5578-2777-4F00-B6F9-C2DEC74C1138}
		{20214CD9-BDBB-49B5-B38D-DDA29D9729B3} = {E07D5578-2777-4F00-B6F9-C2DEC74C1138}
		{4A56391B-419B-4ECA-B1C4-794787F7E0D4} = {B237F769-5DAF-4CC0-A3D9-EBFAD7A0D1FB}
		{7A123B6E-5756-4CB4-B140-FE724A977395} = {E07D5578-2777-4F00-B6F9-C2DEC74C1138}
		{F6E9813D-E90D-4903-82F3-EA8817E6C52C} = {E07D5578-2777-4F00-B6F9-C2DEC74C1138}
		{1BCBF354-4F5F-46F4-B406-E02A6BCC57D1} = {E07D5578-2777-4F00-B6F9-C2DEC74C1138}
		{DEC920ED-99D7-4A56-B348-25CFBA5A89E4} = {E07D5578-2777-4F00-B6F9-C2DEC74C1138}
		{5EF002C5-0AD2-4D1D-8D9C-7B1DC7BF155E} = {E07D5578-2777-4F00-B6F9-C2DEC74C1138}
		{996F91F8-3F80-425D-9820-DD8A13FFEC06} = {E07D5578-2777-4F00-B6F9-C2DEC74C1138}
		{052A2BE1-FF8F-4E38-AC0C-F0266E657D75} = {E07D5578-2777-4F00-B6F9-C2DEC74C1138}
	EndGlobalSection
	GlobalSection(ExtensibilityGlobals) = postSolution
		SolutionGuid = {1011AD1D-2AC5-4BC2-A299-5778409158D2}
	EndGlobalSection
EndGlobal
