
Microsoft Visual Studio Solution File, Format Version 12.00
# Visual Studio Version 16
VisualStudioVersion = 16.0.29728.190
MinimumVisualStudioVersion = 10.0.40219.1
Project("{9A19103F-16F7-4668-BE54-9A1E7A4F7556}") = "Voidwell.DaybreakGames.App", "src\Voidwell.DaybreakGames.App\Voidwell.DaybreakGames.App.csproj", "{70DEC05A-24A9-474B-A954-6504AE2CD74C}"
EndProject
Project("{2150E333-8FDC-42A3-9474-1A3956D46DE8}") = "src", "src", "{E07D5578-2777-4F00-B6F9-C2DEC74C1138}"
EndProject
Project("{2150E333-8FDC-42A3-9474-1A3956D46DE8}") = "Solution Items", "Solution Items", "{E1267F52-358F-4DE7-9098-0C44BB71CBA6}"
	ProjectSection(SolutionItems) = preProject
		.dockerignore = .dockerignore
		.gitattributes = .gitattributes
		.gitignore = .gitignore
		Dockerfile = Dockerfile
		Dockerfile.debug = Dockerfile.debug
		init-migrate.bat = init-migrate.bat
		init-update.bat = init-update.bat
		Jenkinsfile = Jenkinsfile
	EndProjectSection
EndProject
Project("{2150E333-8FDC-42A3-9474-1A3956D46DE8}") = "test", "test", "{B237F769-5DAF-4CC0-A3D9-EBFAD7A0D1FB}"
EndProject
Project("{9A19103F-16F7-4668-BE54-9A1E7A4F7556}") = "Voidwell.DaybreakGames.Data", "src\Voidwell.DaybreakGames.Data\Voidwell.DaybreakGames.Data.csproj", "{D982D254-B957-4EA4-A076-A27DFAFB4781}"
EndProject
Project("{9A19103F-16F7-4668-BE54-9A1E7A4F7556}") = "Voidwell.Cache", "src\Voidwell.Cache\Voidwell.Cache.csproj", "{20214CD9-BDBB-49B5-B38D-DDA29D9729B3}"
EndProject
Project("{9A19103F-16F7-4668-BE54-9A1E7A4F7556}") = "Voidwell.DaybreakGames.Test", "test\Voidwell.DaybreakGames.Test\Voidwell.DaybreakGames.Test.csproj", "{4A56391B-419B-4ECA-B1C4-794787F7E0D4}"
EndProject
Project("{9A19103F-16F7-4668-BE54-9A1E7A4F7556}") = "Voidwell.DaybreakGames.Api", "src\Voidwell.DaybreakGames.Api\Voidwell.DaybreakGames.Api.csproj", "{7A123B6E-5756-4CB4-B140-FE724A977395}"
	ProjectSection(ProjectDependencies) = postProject
		{70DEC05A-24A9-474B-A954-6504AE2CD74C} = {70DEC05A-24A9-474B-A954-6504AE2CD74C}
	EndProjectSection
EndProject
Project("{FAE04EC0-301F-11D3-BF4B-00C04F79EFBC}") = "Voidwell.DaybreakGames.GameState", "src\Voidwell.DaybreakGames.GameState\Voidwell.DaybreakGames.GameState.csproj", "{06BF0955-F593-4C83-9BB1-19882CF288C8}"
EndProject
Project("{FAE04EC0-301F-11D3-BF4B-00C04F79EFBC}") = "Voidwell.DaybreakGames.Census", "src\Voidwell.DaybreakGames.Census\Voidwell.DaybreakGames.Census.csproj", "{BABBFD52-0AD5-4513-B7BC-3953F1696D96}"
EndProject
Project("{FAE04EC0-301F-11D3-BF4B-00C04F79EFBC}") = "Voidwell.DaybreakGames.Core", "src\Voidwell.DaybreakGames.Core\Voidwell.DaybreakGames.Core.csproj", "{7D258FB5-A2FB-48D1-8C10-5E622BCB771B}"
EndProject
Project("{FAE04EC0-301F-11D3-BF4B-00C04F79EFBC}") = "Voidwell.DaybreakGames.Utils", "src\Voidwell.DaybreakGames.Utils\Voidwell.DaybreakGames.Utils.csproj", "{0E3046E3-2416-4AB4-8E8C-97D6749AA89D}"
EndProject
Project("{FAE04EC0-301F-11D3-BF4B-00C04F79EFBC}") = "Voidwell.DaybreakGames.Messaging", "src\Voidwell.DaybreakGames.Messaging\Voidwell.DaybreakGames.Messaging.csproj", "{1A2CEB4F-3402-4865-B204-AEEE647EDBB5}"
EndProject
Global
	GlobalSection(SolutionConfigurationPlatforms) = preSolution
		Debug|Any CPU = Debug|Any CPU
		Release|Any CPU = Release|Any CPU
	EndGlobalSection
	GlobalSection(ProjectConfigurationPlatforms) = postSolution
		{70DEC05A-24A9-474B-A954-6504AE2CD74C}.Debug|Any CPU.ActiveCfg = Debug|Any CPU
		{70DEC05A-24A9-474B-A954-6504AE2CD74C}.Debug|Any CPU.Build.0 = Debug|Any CPU
		{70DEC05A-24A9-474B-A954-6504AE2CD74C}.Release|Any CPU.ActiveCfg = Release|Any CPU
		{70DEC05A-24A9-474B-A954-6504AE2CD74C}.Release|Any CPU.Build.0 = Release|Any CPU
		{D982D254-B957-4EA4-A076-A27DFAFB4781}.Debug|Any CPU.ActiveCfg = Debug|Any CPU
		{D982D254-B957-4EA4-A076-A27DFAFB4781}.Debug|Any CPU.Build.0 = Debug|Any CPU
		{D982D254-B957-4EA4-A076-A27DFAFB4781}.Release|Any CPU.ActiveCfg = Release|Any CPU
		{D982D254-B957-4EA4-A076-A27DFAFB4781}.Release|Any CPU.Build.0 = Release|Any CPU
		{20214CD9-BDBB-49B5-B38D-DDA29D9729B3}.Debug|Any CPU.ActiveCfg = Debug|Any CPU
		{20214CD9-BDBB-49B5-B38D-DDA29D9729B3}.Debug|Any CPU.Build.0 = Debug|Any CPU
		{20214CD9-BDBB-49B5-B38D-DDA29D9729B3}.Release|Any CPU.ActiveCfg = Release|Any CPU
		{20214CD9-BDBB-49B5-B38D-DDA29D9729B3}.Release|Any CPU.Build.0 = Release|Any CPU
		{4A56391B-419B-4ECA-B1C4-794787F7E0D4}.Debug|Any CPU.ActiveCfg = Debug|Any CPU
		{4A56391B-419B-4ECA-B1C4-794787F7E0D4}.Debug|Any CPU.Build.0 = Debug|Any CPU
		{4A56391B-419B-4ECA-B1C4-794787F7E0D4}.Release|Any CPU.ActiveCfg = Release|Any CPU
		{4A56391B-419B-4ECA-B1C4-794787F7E0D4}.Release|Any CPU.Build.0 = Release|Any CPU
		{7A123B6E-5756-4CB4-B140-FE724A977395}.Debug|Any CPU.ActiveCfg = Debug|Any CPU
		{7A123B6E-5756-4CB4-B140-FE724A977395}.Debug|Any CPU.Build.0 = Debug|Any CPU
		{7A123B6E-5756-4CB4-B140-FE724A977395}.Release|Any CPU.ActiveCfg = Release|Any CPU
		{7A123B6E-5756-4CB4-B140-FE724A977395}.Release|Any CPU.Build.0 = Release|Any CPU
		{06BF0955-F593-4C83-9BB1-19882CF288C8}.Debug|Any CPU.ActiveCfg = Debug|Any CPU
		{06BF0955-F593-4C83-9BB1-19882CF288C8}.Debug|Any CPU.Build.0 = Debug|Any CPU
		{06BF0955-F593-4C83-9BB1-19882CF288C8}.Release|Any CPU.ActiveCfg = Release|Any CPU
		{06BF0955-F593-4C83-9BB1-19882CF288C8}.Release|Any CPU.Build.0 = Release|Any CPU
		{BABBFD52-0AD5-4513-B7BC-3953F1696D96}.Debug|Any CPU.ActiveCfg = Debug|Any CPU
		{BABBFD52-0AD5-4513-B7BC-3953F1696D96}.Debug|Any CPU.Build.0 = Debug|Any CPU
		{BABBFD52-0AD5-4513-B7BC-3953F1696D96}.Release|Any CPU.ActiveCfg = Release|Any CPU
		{BABBFD52-0AD5-4513-B7BC-3953F1696D96}.Release|Any CPU.Build.0 = Release|Any CPU
		{7D258FB5-A2FB-48D1-8C10-5E622BCB771B}.Debug|Any CPU.ActiveCfg = Debug|Any CPU
		{7D258FB5-A2FB-48D1-8C10-5E622BCB771B}.Debug|Any CPU.Build.0 = Debug|Any CPU
		{7D258FB5-A2FB-48D1-8C10-5E622BCB771B}.Release|Any CPU.ActiveCfg = Release|Any CPU
		{7D258FB5-A2FB-48D1-8C10-5E622BCB771B}.Release|Any CPU.Build.0 = Release|Any CPU
		{0E3046E3-2416-4AB4-8E8C-97D6749AA89D}.Debug|Any CPU.ActiveCfg = Debug|Any CPU
		{0E3046E3-2416-4AB4-8E8C-97D6749AA89D}.Debug|Any CPU.Build.0 = Debug|Any CPU
		{0E3046E3-2416-4AB4-8E8C-97D6749AA89D}.Release|Any CPU.ActiveCfg = Release|Any CPU
		{0E3046E3-2416-4AB4-8E8C-97D6749AA89D}.Release|Any CPU.Build.0 = Release|Any CPU
		{1A2CEB4F-3402-4865-B204-AEEE647EDBB5}.Debug|Any CPU.ActiveCfg = Debug|Any CPU
		{1A2CEB4F-3402-4865-B204-AEEE647EDBB5}.Debug|Any CPU.Build.0 = Debug|Any CPU
		{1A2CEB4F-3402-4865-B204-AEEE647EDBB5}.Release|Any CPU.ActiveCfg = Release|Any CPU
		{1A2CEB4F-3402-4865-B204-AEEE647EDBB5}.Release|Any CPU.Build.0 = Release|Any CPU
	EndGlobalSection
	GlobalSection(SolutionProperties) = preSolution
		HideSolutionNode = FALSE
	EndGlobalSection
	GlobalSection(NestedProjects) = preSolution
		{70DEC05A-24A9-474B-A954-6504AE2CD74C} = {E07D5578-2777-4F00-B6F9-C2DEC74C1138}
		{D982D254-B957-4EA4-A076-A27DFAFB4781} = {E07D5578-2777-4F00-B6F9-C2DEC74C1138}
		{20214CD9-BDBB-49B5-B38D-DDA29D9729B3} = {E07D5578-2777-4F00-B6F9-C2DEC74C1138}
		{4A56391B-419B-4ECA-B1C4-794787F7E0D4} = {B237F769-5DAF-4CC0-A3D9-EBFAD7A0D1FB}
		{7A123B6E-5756-4CB4-B140-FE724A977395} = {E07D5578-2777-4F00-B6F9-C2DEC74C1138}
		{06BF0955-F593-4C83-9BB1-19882CF288C8} = {E07D5578-2777-4F00-B6F9-C2DEC74C1138}
		{BABBFD52-0AD5-4513-B7BC-3953F1696D96} = {E07D5578-2777-4F00-B6F9-C2DEC74C1138}
		{7D258FB5-A2FB-48D1-8C10-5E622BCB771B} = {E07D5578-2777-4F00-B6F9-C2DEC74C1138}
		{0E3046E3-2416-4AB4-8E8C-97D6749AA89D} = {E07D5578-2777-4F00-B6F9-C2DEC74C1138}
		{1A2CEB4F-3402-4865-B204-AEEE647EDBB5} = {E07D5578-2777-4F00-B6F9-C2DEC74C1138}
	EndGlobalSection
	GlobalSection(ExtensibilityGlobals) = postSolution
		SolutionGuid = {1011AD1D-2AC5-4BC2-A299-5778409158D2}
	EndGlobalSection
EndGlobal
